{
  "version": 4,
  "terraform_version": "1.1.7",
  "serial": 11,
  "lineage": "461db6c0-6917-f55d-89de-1e79014c1607",
  "outputs": {
    "vpc_example": {
      "value": {
        "filter": null,
        "id": "ap-northeast-2",
        "ids": [
          "vpc-032230985b5c75ea4",
          "vpc-0ee41013b9ed562e5"
        ],
        "tags": null
      },
      "type": [
        "object",
        {
          "filter": [
            "set",
            [
              "object",
              {
                "name": "string",
                "values": [
                  "list",
                  "string"
                ]
              }
            ]
          ],
          "id": "string",
          "ids": [
            "list",
            "string"
          ],
          "tags": [
            "map",
            "string"
          ]
        }
      ]
    }
  },
  "resources": [
    {
      "mode": "data",
      "type": "aws_vpcs",
      "name": "this",
      "provider": "provider[\"registry.terraform.io/hashicorp/aws\"]",
      "instances": [
        {
          "schema_version": 0,
          "attributes": {
            "filter": null,
            "id": "ap-northeast-2",
            "ids": [
              "vpc-032230985b5c75ea4",
              "vpc-0ee41013b9ed562e5"
            ],
            "tags": null
          },
          "sensitive_attributes": []
        }
      ]
    },
    {
      "mode": "managed",
      "type": "aws_vpc",
      "name": "example",
      "provider": "provider[\"registry.terraform.io/hashicorp/aws\"]",
      "instances": [
        {
          "schema_version": 1,
          "attributes": {
            "arn": "arn:aws:ec2:ap-northeast-2:645712393653:vpc/vpc-032230985b5c75ea4",
            "assign_generated_ipv6_cidr_block": false,
            "cidr_block": "10.123.0.0/16",
            "default_network_acl_id": "acl-09945624f4b560cf3",
            "default_route_table_id": "rtb-0fadc7cc721bc45dd",
            "default_security_group_id": "sg-09ed94b13ccc69378",
            "dhcp_options_id": "dopt-025b225c2e56275f7",
            "enable_classiclink": false,
            "enable_classiclink_dns_support": false,
            "enable_dns_hostnames": false,
            "enable_dns_support": true,
            "id": "vpc-032230985b5c75ea4",
            "instance_tenancy": "default",
            "ipv4_ipam_pool_id": null,
            "ipv4_netmask_length": null,
            "ipv6_association_id": "",
            "ipv6_cidr_block": "",
            "ipv6_cidr_block_network_border_group": "",
            "ipv6_ipam_pool_id": "",
            "ipv6_netmask_length": 0,
            "main_route_table_id": "rtb-0fadc7cc721bc45dd",
            "owner_id": "645712393653",
            "tags": {
              "name": "test vpc with tf"
            },
            "tags_all": {
              "name": "test vpc with tf"
            }
          },
          "sensitive_attributes": [],
          "private": "eyJzY2hlbWFfdmVyc2lvbiI6IjEifQ=="
        }
      ]
    }
  ]
}
